
Microsoft Visual Studio Solution File, Format Version 12.00
# Visual Studio Version 17
VisualStudioVersion = 17.11.34909.67
MinimumVisualStudioVersion = 10.0.40219.1
Project("{FAE04EC0-301F-11D3-BF4B-00C04F79EFBC}") = "AnonymousSurfing", "AnonymousSurfing\AnonymousSurfing.csproj", "{32F003B4-A0C5-4616-BDCA-61F38EB6954A}"
EndProject
Global
	GlobalSection(SolutionConfigurationPlatforms) = preSolution
		Debug|Any CPU = Debug|Any CPU
		Release|Any CPU = Release|Any CPU
	EndGlobalSection
	GlobalSection(ProjectConfigurationPlatforms) = postSolution
		{32F003B4-A0C5-4616-BDCA-61F38EB6954A}.Debug|Any CPU.ActiveCfg = Debug|Any CPU
		{32F003B4-A0C5-4616-BDCA-61F38EB6954A}.Debug|Any CPU.Build.0 = Debug|Any CPU
		{32F003B4-A0C5-4616-BDCA-61F38EB6954A}.Release|Any CPU.ActiveCfg = Release|Any CPU
		{32F003B4-A0C5-4616-BDCA-61F38EB6954A}.Release|Any CPU.Build.0 = Release|Any CPU
	EndGlobalSection
	GlobalSection(SolutionProperties) = preSolution
		HideSolutionNode = FALSE
	EndGlobalSection
	GlobalSection(ExtensibilityGlobals) = postSolution
		SolutionGuid = {CAE785F6-9952-4DB8-9A97-18E5FF353AD8}
	EndGlobalSection
EndGlobal
